// !$*UTF8*$!
{
	archiveVersion = 1;
	classes = {
	};
	objectVersion = 46;
	objects = {

/* Begin PBXBuildFile section */
		1F0DF1AC1F6BCDDC00DE54F2 /* Приложение 4_Модуль_Сахарная свекла_2016.pdf in Resources */ = {isa = PBXBuildFile; fileRef = 1F0DF1A71F6BCDDC00DE54F2 /* Приложение 4_Модуль_Сахарная свекла_2016.pdf */; };
		1F0DF1AD1F6BCDDC00DE54F2 /* Приложение 5_Кант кызылчасын өстүрүү технологиясы боюнча кыскача таркатма.pdf in Resources */ = {isa = PBXBuildFile; fileRef = 1F0DF1A81F6BCDDC00DE54F2 /* Приложение 5_Кант кызылчасын өстүрүү технологиясы боюнча кыскача таркатма.pdf */; };
		1F0DF1AE1F6BCDDC00DE54F2 /* Приложение 6_Тех карта_ сахарная свекла_образец и пустая_2016 - Тех карта_образец_Миргасым.pdf in Resources */ = {isa = PBXBuildFile; fileRef = 1F0DF1A91F6BCDDC00DE54F2 /* Приложение 6_Тех карта_ сахарная свекла_образец и пустая_2016 - Тех карта_образец_Миргасым.pdf */; };
		1F0DF1AF1F6BCDDC00DE54F2 /* Приложение 7_Сравнительный анализ культур_свекла_картофель_кукуруза.pdf in Resources */ = {isa = PBXBuildFile; fileRef = 1F0DF1AA1F6BCDDC00DE54F2 /* Приложение 7_Сравнительный анализ культур_свекла_картофель_кукуруза.pdf */; };
		1F0DF1B01F6BCDDC00DE54F2 /* Sugar Beet VAC_Development Concept-2_MD.pdf in Resources */ = {isa = PBXBuildFile; fileRef = 1F0DF1AB1F6BCDDC00DE54F2 /* Sugar Beet VAC_Development Concept-2_MD.pdf */; };
		1F0DF1B21F6BCEE300DE54F2 /* DocumentViewController.swift in Sources */ = {isa = PBXBuildFile; fileRef = 1F0DF1B11F6BCEE300DE54F2 /* DocumentViewController.swift */; };
		1F5893711F614DB600FD2C5D /* AppDelegate.swift in Sources */ = {isa = PBXBuildFile; fileRef = 1F5893701F614DB600FD2C5D /* AppDelegate.swift */; };
		1F5893761F614DB600FD2C5D /* Main.storyboard in Resources */ = {isa = PBXBuildFile; fileRef = 1F5893741F614DB600FD2C5D /* Main.storyboard */; };
		1F5893781F614DB600FD2C5D /* Assets.xcassets in Resources */ = {isa = PBXBuildFile; fileRef = 1F5893771F614DB600FD2C5D /* Assets.xcassets */; };
		1F58937B1F614DB600FD2C5D /* LaunchScreen.storyboard in Resources */ = {isa = PBXBuildFile; fileRef = 1F5893791F614DB600FD2C5D /* LaunchScreen.storyboard */; };
		1F5893861F614DB600FD2C5D /* Kaindy_KantTests.swift in Sources */ = {isa = PBXBuildFile; fileRef = 1F5893851F614DB600FD2C5D /* Kaindy_KantTests.swift */; };
		1F5893911F614DB600FD2C5D /* Kaindy_KantUITests.swift in Sources */ = {isa = PBXBuildFile; fileRef = 1F5893901F614DB600FD2C5D /* Kaindy_KantUITests.swift */; };
		1F5893A01F614ED700FD2C5D /* MainViewController.swift in Sources */ = {isa = PBXBuildFile; fileRef = 1F58939F1F614ED700FD2C5D /* MainViewController.swift */; };
		1F5893A41F614EF600FD2C5D /* SWRevealViewController.m in Sources */ = {isa = PBXBuildFile; fileRef = 1F5893A31F614EF600FD2C5D /* SWRevealViewController.m */; };
		1F5893A91F61510D00FD2C5D /* MenuViewController.swift in Sources */ = {isa = PBXBuildFile; fileRef = 1F5893A81F61510D00FD2C5D /* MenuViewController.swift */; };
		1F5893AB1F61523700FD2C5D /* Extensions.swift in Sources */ = {isa = PBXBuildFile; fileRef = 1F5893AA1F61523700FD2C5D /* Extensions.swift */; };
		1F5893B31F61546400FD2C5D /* Service.storyboard in Resources */ = {isa = PBXBuildFile; fileRef = 1F5893B21F61546400FD2C5D /* Service.storyboard */; };
		1F5893B51F61547000FD2C5D /* ServiceViewController.swift in Sources */ = {isa = PBXBuildFile; fileRef = 1F5893B41F61547000FD2C5D /* ServiceViewController.swift */; };
		1F5893B81F61561D00FD2C5D /* Provider.storyboard in Resources */ = {isa = PBXBuildFile; fileRef = 1F5893B71F61561D00FD2C5D /* Provider.storyboard */; };
		1F5893BA1F61562B00FD2C5D /* ProviderViewController.swift in Sources */ = {isa = PBXBuildFile; fileRef = 1F5893B91F61562B00FD2C5D /* ProviderViewController.swift */; };
		1F5893BD1F6156DF00FD2C5D /* RequestViewController.swift in Sources */ = {isa = PBXBuildFile; fileRef = 1F5893BC1F6156DF00FD2C5D /* RequestViewController.swift */; };
		1F5893BF1F6156EB00FD2C5D /* Request.storyboard in Resources */ = {isa = PBXBuildFile; fileRef = 1F5893BE1F6156EB00FD2C5D /* Request.storyboard */; };
		1F5893C21F61583200FD2C5D /* Login.storyboard in Resources */ = {isa = PBXBuildFile; fileRef = 1F5893C11F61583200FD2C5D /* Login.storyboard */; };
		1F5893C41F61583E00FD2C5D /* LoginViewController.swift in Sources */ = {isa = PBXBuildFile; fileRef = 1F5893C31F61583E00FD2C5D /* LoginViewController.swift */; };
		1F5893C61F615C1800FD2C5D /* ServiceCollectionViewCell.swift in Sources */ = {isa = PBXBuildFile; fileRef = 1F5893C51F615C1800FD2C5D /* ServiceCollectionViewCell.swift */; };
		1F5893C81F615D8700FD2C5D /* RequestCollectionViewCell.swift in Sources */ = {isa = PBXBuildFile; fileRef = 1F5893C71F615D8700FD2C5D /* RequestCollectionViewCell.swift */; };
		1F5893CA1F6167F700FD2C5D /* ProviderTableViewCell.swift in Sources */ = {isa = PBXBuildFile; fileRef = 1F5893C91F6167F700FD2C5D /* ProviderTableViewCell.swift */; };
		1F7291331F66638700111692 /* TechnologyInfo.storyboard in Resources */ = {isa = PBXBuildFile; fileRef = 1F7291321F66638700111692 /* TechnologyInfo.storyboard */; };
		1F7291351F66639F00111692 /* TechnologyInfoViewController.swift in Sources */ = {isa = PBXBuildFile; fileRef = 1F7291341F66639F00111692 /* TechnologyInfoViewController.swift */; };
		23205AE81F62378100D58F5B /* Colors.swift in Sources */ = {isa = PBXBuildFile; fileRef = 23205AE71F62378100D58F5B /* Colors.swift */; };
		23205AEA1F6237A700D58F5B /* GlobalFunctions.swift in Sources */ = {isa = PBXBuildFile; fileRef = 23205AE91F6237A700D58F5B /* GlobalFunctions.swift */; };
		23205AF01F62391800D58F5B /* Profile.storyboard in Resources */ = {isa = PBXBuildFile; fileRef = 23205AEF1F62391800D58F5B /* Profile.storyboard */; };
		23205AF21F62398400D58F5B /* LoadingIndicatorButton.swift in Sources */ = {isa = PBXBuildFile; fileRef = 23205AF11F62398400D58F5B /* LoadingIndicatorButton.swift */; };
		23205AF41F6239B900D58F5B /* ProfileViewController.swift in Sources */ = {isa = PBXBuildFile; fileRef = 23205AF31F6239B900D58F5B /* ProfileViewController.swift */; };
		23205AF71F62409F00D58F5B /* NewsTableViewCell.swift in Sources */ = {isa = PBXBuildFile; fileRef = 23205AF61F62409F00D58F5B /* NewsTableViewCell.swift */; };
		23205AF91F6240C200D58F5B /* FirstSectionTableViewCell.swift in Sources */ = {isa = PBXBuildFile; fileRef = 23205AF81F6240C200D58F5B /* FirstSectionTableViewCell.swift */; };
		2380AB9F1F6678E10023C5AB /* RegistrationViewController.swift in Sources */ = {isa = PBXBuildFile; fileRef = 2380AB9E1F6678E10023C5AB /* RegistrationViewController.swift */; };
		2380ABA21F667C0E0023C5AB /* Registration.storyboard in Resources */ = {isa = PBXBuildFile; fileRef = 2380ABA11F667C0E0023C5AB /* Registration.storyboard */; };
		3C0FAD08511FD6AF4A0CAC36 /* Pods_Kaindy_KantUITests.framework in Frameworks */ = {isa = PBXBuildFile; fileRef = 82CD8A4220560F7CCB81A6AC /* Pods_Kaindy_KantUITests.framework */; };
		5A02A68FBB493D6827A4F890 /* Pods_Kaindy_KantTests.framework in Frameworks */ = {isa = PBXBuildFile; fileRef = AB2392771FC0F0A3C7760DD6 /* Pods_Kaindy_KantTests.framework */; };
		AA0D37D0FB995154CCF358BA /* Pods_Kaindy_Kant.framework in Frameworks */ = {isa = PBXBuildFile; fileRef = 9F3784CF1CA75796598245CC /* Pods_Kaindy_Kant.framework */; };
/* End PBXBuildFile section */

/* Begin PBXContainerItemProxy section */
		1F5893821F614DB600FD2C5D /* PBXContainerItemProxy */ = {
			isa = PBXContainerItemProxy;
			containerPortal = 1F5893651F614DB600FD2C5D /* Project object */;
			proxyType = 1;
			remoteGlobalIDString = 1F58936C1F614DB600FD2C5D;
			remoteInfo = "Kaindy-Kant";
		};
		1F58938D1F614DB600FD2C5D /* PBXContainerItemProxy */ = {
			isa = PBXContainerItemProxy;
			containerPortal = 1F5893651F614DB600FD2C5D /* Project object */;
			proxyType = 1;
			remoteGlobalIDString = 1F58936C1F614DB600FD2C5D;
			remoteInfo = "Kaindy-Kant";
		};
/* End PBXContainerItemProxy section */

/* Begin PBXFileReference section */
		1F0DF1A71F6BCDDC00DE54F2 /* Приложение 4_Модуль_Сахарная свекла_2016.pdf */ = {isa = PBXFileReference; lastKnownFileType = image.pdf; path = "Приложение 4_Модуль_Сахарная свекла_2016.pdf"; sourceTree = "<group>"; };
		1F0DF1A81F6BCDDC00DE54F2 /* Приложение 5_Кант кызылчасын өстүрүү технологиясы боюнча кыскача таркатма.pdf */ = {isa = PBXFileReference; lastKnownFileType = image.pdf; path = "Приложение 5_Кант кызылчасын өстүрүү технологиясы боюнча кыскача таркатма.pdf"; sourceTree = "<group>"; };
		1F0DF1A91F6BCDDC00DE54F2 /* Приложение 6_Тех карта_ сахарная свекла_образец и пустая_2016 - Тех карта_образец_Миргасым.pdf */ = {isa = PBXFileReference; lastKnownFileType = image.pdf; path = "Приложение 6_Тех карта_ сахарная свекла_образец и пустая_2016 - Тех карта_образец_Миргасым.pdf"; sourceTree = "<group>"; };
		1F0DF1AA1F6BCDDC00DE54F2 /* Приложение 7_Сравнительный анализ культур_свекла_картофель_кукуруза.pdf */ = {isa = PBXFileReference; lastKnownFileType = image.pdf; path = "Приложение 7_Сравнительный анализ культур_свекла_картофель_кукуруза.pdf"; sourceTree = "<group>"; };
		1F0DF1AB1F6BCDDC00DE54F2 /* Sugar Beet VAC_Development Concept-2_MD.pdf */ = {isa = PBXFileReference; lastKnownFileType = image.pdf; path = "Sugar Beet VAC_Development Concept-2_MD.pdf"; sourceTree = "<group>"; };
		1F0DF1B11F6BCEE300DE54F2 /* DocumentViewController.swift */ = {isa = PBXFileReference; fileEncoding = 4; lastKnownFileType = sourcecode.swift; path = DocumentViewController.swift; sourceTree = "<group>"; };
		1F58936D1F614DB600FD2C5D /* Kaindy-Kant.app */ = {isa = PBXFileReference; explicitFileType = wrapper.application; includeInIndex = 0; path = "Kaindy-Kant.app"; sourceTree = BUILT_PRODUCTS_DIR; };
		1F5893701F614DB600FD2C5D /* AppDelegate.swift */ = {isa = PBXFileReference; lastKnownFileType = sourcecode.swift; path = AppDelegate.swift; sourceTree = "<group>"; };
		1F5893751F614DB600FD2C5D /* Base */ = {isa = PBXFileReference; lastKnownFileType = file.storyboard; name = Base; path = Base.lproj/Main.storyboard; sourceTree = "<group>"; };
		1F5893771F614DB600FD2C5D /* Assets.xcassets */ = {isa = PBXFileReference; lastKnownFileType = folder.assetcatalog; path = Assets.xcassets; sourceTree = "<group>"; };
		1F58937A1F614DB600FD2C5D /* Base */ = {isa = PBXFileReference; lastKnownFileType = file.storyboard; name = Base; path = Base.lproj/LaunchScreen.storyboard; sourceTree = "<group>"; };
		1F58937C1F614DB600FD2C5D /* Info.plist */ = {isa = PBXFileReference; lastKnownFileType = text.plist.xml; path = Info.plist; sourceTree = "<group>"; };
		1F5893811F614DB600FD2C5D /* Kaindy-KantTests.xctest */ = {isa = PBXFileReference; explicitFileType = wrapper.cfbundle; includeInIndex = 0; path = "Kaindy-KantTests.xctest"; sourceTree = BUILT_PRODUCTS_DIR; };
		1F5893851F614DB600FD2C5D /* Kaindy_KantTests.swift */ = {isa = PBXFileReference; lastKnownFileType = sourcecode.swift; path = Kaindy_KantTests.swift; sourceTree = "<group>"; };
		1F5893871F614DB600FD2C5D /* Info.plist */ = {isa = PBXFileReference; lastKnownFileType = text.plist.xml; path = Info.plist; sourceTree = "<group>"; };
		1F58938C1F614DB600FD2C5D /* Kaindy-KantUITests.xctest */ = {isa = PBXFileReference; explicitFileType = wrapper.cfbundle; includeInIndex = 0; path = "Kaindy-KantUITests.xctest"; sourceTree = BUILT_PRODUCTS_DIR; };
		1F5893901F614DB600FD2C5D /* Kaindy_KantUITests.swift */ = {isa = PBXFileReference; lastKnownFileType = sourcecode.swift; path = Kaindy_KantUITests.swift; sourceTree = "<group>"; };
		1F5893921F614DB600FD2C5D /* Info.plist */ = {isa = PBXFileReference; lastKnownFileType = text.plist.xml; path = Info.plist; sourceTree = "<group>"; };
		1F58939F1F614ED700FD2C5D /* MainViewController.swift */ = {isa = PBXFileReference; fileEncoding = 4; lastKnownFileType = sourcecode.swift; path = MainViewController.swift; sourceTree = "<group>"; };
		1F5893A11F614EF500FD2C5D /* Kaindy-Kant-Bridging-Header.h */ = {isa = PBXFileReference; lastKnownFileType = sourcecode.c.h; path = "Kaindy-Kant-Bridging-Header.h"; sourceTree = "<group>"; };
		1F5893A21F614EF600FD2C5D /* SWRevealViewController.h */ = {isa = PBXFileReference; fileEncoding = 4; lastKnownFileType = sourcecode.c.h; path = SWRevealViewController.h; sourceTree = "<group>"; };
		1F5893A31F614EF600FD2C5D /* SWRevealViewController.m */ = {isa = PBXFileReference; fileEncoding = 4; lastKnownFileType = sourcecode.c.objc; path = SWRevealViewController.m; sourceTree = "<group>"; };
		1F5893A81F61510D00FD2C5D /* MenuViewController.swift */ = {isa = PBXFileReference; fileEncoding = 4; lastKnownFileType = sourcecode.swift; path = MenuViewController.swift; sourceTree = "<group>"; };
		1F5893AA1F61523700FD2C5D /* Extensions.swift */ = {isa = PBXFileReference; fileEncoding = 4; lastKnownFileType = sourcecode.swift; path = Extensions.swift; sourceTree = "<group>"; };
		1F5893B21F61546400FD2C5D /* Service.storyboard */ = {isa = PBXFileReference; fileEncoding = 4; lastKnownFileType = file.storyboard; path = Service.storyboard; sourceTree = "<group>"; };
		1F5893B41F61547000FD2C5D /* ServiceViewController.swift */ = {isa = PBXFileReference; fileEncoding = 4; lastKnownFileType = sourcecode.swift; path = ServiceViewController.swift; sourceTree = "<group>"; };
		1F5893B71F61561D00FD2C5D /* Provider.storyboard */ = {isa = PBXFileReference; fileEncoding = 4; lastKnownFileType = file.storyboard; path = Provider.storyboard; sourceTree = "<group>"; };
		1F5893B91F61562B00FD2C5D /* ProviderViewController.swift */ = {isa = PBXFileReference; fileEncoding = 4; lastKnownFileType = sourcecode.swift; path = ProviderViewController.swift; sourceTree = "<group>"; };
		1F5893BC1F6156DF00FD2C5D /* RequestViewController.swift */ = {isa = PBXFileReference; fileEncoding = 4; lastKnownFileType = sourcecode.swift; path = RequestViewController.swift; sourceTree = "<group>"; };
		1F5893BE1F6156EB00FD2C5D /* Request.storyboard */ = {isa = PBXFileReference; fileEncoding = 4; lastKnownFileType = file.storyboard; path = Request.storyboard; sourceTree = "<group>"; };
		1F5893C11F61583200FD2C5D /* Login.storyboard */ = {isa = PBXFileReference; fileEncoding = 4; lastKnownFileType = file.storyboard; path = Login.storyboard; sourceTree = "<group>"; };
		1F5893C31F61583E00FD2C5D /* LoginViewController.swift */ = {isa = PBXFileReference; fileEncoding = 4; lastKnownFileType = sourcecode.swift; path = LoginViewController.swift; sourceTree = "<group>"; };
		1F5893C51F615C1800FD2C5D /* ServiceCollectionViewCell.swift */ = {isa = PBXFileReference; fileEncoding = 4; lastKnownFileType = sourcecode.swift; path = ServiceCollectionViewCell.swift; sourceTree = "<group>"; };
		1F5893C71F615D8700FD2C5D /* RequestCollectionViewCell.swift */ = {isa = PBXFileReference; fileEncoding = 4; lastKnownFileType = sourcecode.swift; path = RequestCollectionViewCell.swift; sourceTree = "<group>"; };
		1F5893C91F6167F700FD2C5D /* ProviderTableViewCell.swift */ = {isa = PBXFileReference; fileEncoding = 4; lastKnownFileType = sourcecode.swift; path = ProviderTableViewCell.swift; sourceTree = "<group>"; };
		1F7291321F66638700111692 /* TechnologyInfo.storyboard */ = {isa = PBXFileReference; fileEncoding = 4; lastKnownFileType = file.storyboard; path = TechnologyInfo.storyboard; sourceTree = "<group>"; };
		1F7291341F66639F00111692 /* TechnologyInfoViewController.swift */ = {isa = PBXFileReference; fileEncoding = 4; lastKnownFileType = sourcecode.swift; path = TechnologyInfoViewController.swift; sourceTree = "<group>"; };
		23205AE71F62378100D58F5B /* Colors.swift */ = {isa = PBXFileReference; fileEncoding = 4; lastKnownFileType = sourcecode.swift; path = Colors.swift; sourceTree = "<group>"; };
		23205AE91F6237A700D58F5B /* GlobalFunctions.swift */ = {isa = PBXFileReference; fileEncoding = 4; lastKnownFileType = sourcecode.swift; path = GlobalFunctions.swift; sourceTree = "<group>"; };
		23205AEF1F62391800D58F5B /* Profile.storyboard */ = {isa = PBXFileReference; fileEncoding = 4; lastKnownFileType = file.storyboard; path = Profile.storyboard; sourceTree = "<group>"; };
		23205AF11F62398400D58F5B /* LoadingIndicatorButton.swift */ = {isa = PBXFileReference; fileEncoding = 4; lastKnownFileType = sourcecode.swift; path = LoadingIndicatorButton.swift; sourceTree = "<group>"; };
		23205AF31F6239B900D58F5B /* ProfileViewController.swift */ = {isa = PBXFileReference; fileEncoding = 4; lastKnownFileType = sourcecode.swift; path = ProfileViewController.swift; sourceTree = "<group>"; };
		23205AF61F62409F00D58F5B /* NewsTableViewCell.swift */ = {isa = PBXFileReference; fileEncoding = 4; lastKnownFileType = sourcecode.swift; path = NewsTableViewCell.swift; sourceTree = "<group>"; };
		23205AF81F6240C200D58F5B /* FirstSectionTableViewCell.swift */ = {isa = PBXFileReference; fileEncoding = 4; lastKnownFileType = sourcecode.swift; path = FirstSectionTableViewCell.swift; sourceTree = "<group>"; };
		2380AB9E1F6678E10023C5AB /* RegistrationViewController.swift */ = {isa = PBXFileReference; fileEncoding = 4; lastKnownFileType = sourcecode.swift; path = RegistrationViewController.swift; sourceTree = "<group>"; };
		2380ABA11F667C0E0023C5AB /* Registration.storyboard */ = {isa = PBXFileReference; fileEncoding = 4; lastKnownFileType = file.storyboard; path = Registration.storyboard; sourceTree = "<group>"; };
		34E18E9CDE7FCD24268E1471 /* Pods-Kaindy-KantTests.release.xcconfig */ = {isa = PBXFileReference; includeInIndex = 1; lastKnownFileType = text.xcconfig; name = "Pods-Kaindy-KantTests.release.xcconfig"; path = "Pods/Target Support Files/Pods-Kaindy-KantTests/Pods-Kaindy-KantTests.release.xcconfig"; sourceTree = "<group>"; };
		3CE491DD05550BA76CEBE29F /* Pods-Kaindy-Kant.release.xcconfig */ = {isa = PBXFileReference; includeInIndex = 1; lastKnownFileType = text.xcconfig; name = "Pods-Kaindy-Kant.release.xcconfig"; path = "Pods/Target Support Files/Pods-Kaindy-Kant/Pods-Kaindy-Kant.release.xcconfig"; sourceTree = "<group>"; };
		4CB32D25E92A4582285E9236 /* Pods-Kaindy-KantTests.debug.xcconfig */ = {isa = PBXFileReference; includeInIndex = 1; lastKnownFileType = text.xcconfig; name = "Pods-Kaindy-KantTests.debug.xcconfig"; path = "Pods/Target Support Files/Pods-Kaindy-KantTests/Pods-Kaindy-KantTests.debug.xcconfig"; sourceTree = "<group>"; };
		4E81C9294F924370F4DFF66F /* Pods-Kaindy-KantUITests.debug.xcconfig */ = {isa = PBXFileReference; includeInIndex = 1; lastKnownFileType = text.xcconfig; name = "Pods-Kaindy-KantUITests.debug.xcconfig"; path = "Pods/Target Support Files/Pods-Kaindy-KantUITests/Pods-Kaindy-KantUITests.debug.xcconfig"; sourceTree = "<group>"; };
		519B48CAD2C406E2D6F875E7 /* Pods-Kaindy-Kant.debug.xcconfig */ = {isa = PBXFileReference; includeInIndex = 1; lastKnownFileType = text.xcconfig; name = "Pods-Kaindy-Kant.debug.xcconfig"; path = "Pods/Target Support Files/Pods-Kaindy-Kant/Pods-Kaindy-Kant.debug.xcconfig"; sourceTree = "<group>"; };
		82CD8A4220560F7CCB81A6AC /* Pods_Kaindy_KantUITests.framework */ = {isa = PBXFileReference; explicitFileType = wrapper.framework; includeInIndex = 0; path = Pods_Kaindy_KantUITests.framework; sourceTree = BUILT_PRODUCTS_DIR; };
		9F3784CF1CA75796598245CC /* Pods_Kaindy_Kant.framework */ = {isa = PBXFileReference; explicitFileType = wrapper.framework; includeInIndex = 0; path = Pods_Kaindy_Kant.framework; sourceTree = BUILT_PRODUCTS_DIR; };
		AB2392771FC0F0A3C7760DD6 /* Pods_Kaindy_KantTests.framework */ = {isa = PBXFileReference; explicitFileType = wrapper.framework; includeInIndex = 0; path = Pods_Kaindy_KantTests.framework; sourceTree = BUILT_PRODUCTS_DIR; };
		BA36D511538BBE890729F7FB /* Pods-Kaindy-KantUITests.release.xcconfig */ = {isa = PBXFileReference; includeInIndex = 1; lastKnownFileType = text.xcconfig; name = "Pods-Kaindy-KantUITests.release.xcconfig"; path = "Pods/Target Support Files/Pods-Kaindy-KantUITests/Pods-Kaindy-KantUITests.release.xcconfig"; sourceTree = "<group>"; };
/* End PBXFileReference section */

/* Begin PBXFrameworksBuildPhase section */
		1F58936A1F614DB600FD2C5D /* Frameworks */ = {
			isa = PBXFrameworksBuildPhase;
			buildActionMask = 2147483647;
			files = (
				AA0D37D0FB995154CCF358BA /* Pods_Kaindy_Kant.framework in Frameworks */,
			);
			runOnlyForDeploymentPostprocessing = 0;
		};
		1F58937E1F614DB600FD2C5D /* Frameworks */ = {
			isa = PBXFrameworksBuildPhase;
			buildActionMask = 2147483647;
			files = (
				5A02A68FBB493D6827A4F890 /* Pods_Kaindy_KantTests.framework in Frameworks */,
			);
			runOnlyForDeploymentPostprocessing = 0;
		};
		1F5893891F614DB600FD2C5D /* Frameworks */ = {
			isa = PBXFrameworksBuildPhase;
			buildActionMask = 2147483647;
			files = (
				3C0FAD08511FD6AF4A0CAC36 /* Pods_Kaindy_KantUITests.framework in Frameworks */,
			);
			runOnlyForDeploymentPostprocessing = 0;
		};
/* End PBXFrameworksBuildPhase section */

/* Begin PBXGroup section */
		0B433ADDF3EA7883C156EF35 /* Pods */ = {
			isa = PBXGroup;
			children = (
				519B48CAD2C406E2D6F875E7 /* Pods-Kaindy-Kant.debug.xcconfig */,
				3CE491DD05550BA76CEBE29F /* Pods-Kaindy-Kant.release.xcconfig */,
				4CB32D25E92A4582285E9236 /* Pods-Kaindy-KantTests.debug.xcconfig */,
				34E18E9CDE7FCD24268E1471 /* Pods-Kaindy-KantTests.release.xcconfig */,
				4E81C9294F924370F4DFF66F /* Pods-Kaindy-KantUITests.debug.xcconfig */,
				BA36D511538BBE890729F7FB /* Pods-Kaindy-KantUITests.release.xcconfig */,
			);
			name = Pods;
			sourceTree = "<group>";
		};
		1F0DF1A61F6BCD5400DE54F2 /* Docs */ = {
			isa = PBXGroup;
			children = (
				1F0DF1A71F6BCDDC00DE54F2 /* Приложение 4_Модуль_Сахарная свекла_2016.pdf */,
				1F0DF1A81F6BCDDC00DE54F2 /* Приложение 5_Кант кызылчасын өстүрүү технологиясы боюнча кыскача таркатма.pdf */,
				1F0DF1A91F6BCDDC00DE54F2 /* Приложение 6_Тех карта_ сахарная свекла_образец и пустая_2016 - Тех карта_образец_Миргасым.pdf */,
				1F0DF1AA1F6BCDDC00DE54F2 /* Приложение 7_Сравнительный анализ культур_свекла_картофель_кукуруза.pdf */,
				1F0DF1AB1F6BCDDC00DE54F2 /* Sugar Beet VAC_Development Concept-2_MD.pdf */,
			);
			name = Docs;
			sourceTree = "<group>";
		};
		1F5893641F614DB600FD2C5D = {
			isa = PBXGroup;
			children = (
				1F58936F1F614DB600FD2C5D /* Kaindy-Kant */,
				1F5893841F614DB600FD2C5D /* Kaindy-KantTests */,
				1F58938F1F614DB600FD2C5D /* Kaindy-KantUITests */,
				1F58936E1F614DB600FD2C5D /* Products */,
				0B433ADDF3EA7883C156EF35 /* Pods */,
				3795890B1F6AB0F4A1DCF3F7 /* Frameworks */,
			);
			sourceTree = "<group>";
		};
		1F58936E1F614DB600FD2C5D /* Products */ = {
			isa = PBXGroup;
			children = (
				1F58936D1F614DB600FD2C5D /* Kaindy-Kant.app */,
				1F5893811F614DB600FD2C5D /* Kaindy-KantTests.xctest */,
				1F58938C1F614DB600FD2C5D /* Kaindy-KantUITests.xctest */,
			);
			name = Products;
			sourceTree = "<group>";
		};
		1F58936F1F614DB600FD2C5D /* Kaindy-Kant */ = {
			isa = PBXGroup;
			children = (
				1F5893A51F614EF900FD2C5D /* Supporting Files */,
				1F5893C01F61582400FD2C5D /* Login */,
				2380ABA01F667BE20023C5AB /* Registration */,
				23205AE61F62375D00D58F5B /* Profile */,
				1F58939E1F614EA200FD2C5D /* MainPage */,
				1F5893A71F6150E600FD2C5D /* MenuPage */,
				1F5893B11F61544D00FD2C5D /* Services */,
				1F5893B61F61560800FD2C5D /* Providers */,
				1F7291311F66636300111692 /* TechnologyInfo */,
				1F5893BB1F6156C800FD2C5D /* Requests */,
				1F5893701F614DB600FD2C5D /* AppDelegate.swift */,
				1F5893771F614DB600FD2C5D /* Assets.xcassets */,
				1F5893791F614DB600FD2C5D /* LaunchScreen.storyboard */,
				1F58937C1F614DB600FD2C5D /* Info.plist */,
			);
			path = "Kaindy-Kant";
			sourceTree = "<group>";
		};
		1F5893841F614DB600FD2C5D /* Kaindy-KantTests */ = {
			isa = PBXGroup;
			children = (
				1F5893851F614DB600FD2C5D /* Kaindy_KantTests.swift */,
				1F5893871F614DB600FD2C5D /* Info.plist */,
			);
			path = "Kaindy-KantTests";
			sourceTree = "<group>";
		};
		1F58938F1F614DB600FD2C5D /* Kaindy-KantUITests */ = {
			isa = PBXGroup;
			children = (
				1F5893901F614DB600FD2C5D /* Kaindy_KantUITests.swift */,
				1F5893921F614DB600FD2C5D /* Info.plist */,
			);
			path = "Kaindy-KantUITests";
			sourceTree = "<group>";
		};
		1F58939E1F614EA200FD2C5D /* MainPage */ = {
			isa = PBXGroup;
			children = (
				23205AF51F62407300D58F5B /* MainPageTableViewCell */,
				1F5893741F614DB600FD2C5D /* Main.storyboard */,
				1F58939F1F614ED700FD2C5D /* MainViewController.swift */,
			);
			name = MainPage;
			sourceTree = "<group>";
		};
		1F5893A51F614EF900FD2C5D /* Supporting Files */ = {
			isa = PBXGroup;
			children = (
				1F0DF1A61F6BCD5400DE54F2 /* Docs */,
				23205AF11F62398400D58F5B /* LoadingIndicatorButton.swift */,
				23205AE91F6237A700D58F5B /* GlobalFunctions.swift */,
				1F5893AA1F61523700FD2C5D /* Extensions.swift */,
				23205AE71F62378100D58F5B /* Colors.swift */,
				1F5893A61F614F0A00FD2C5D /* SWReveal */,
			);
			name = "Supporting Files";
			sourceTree = "<group>";
		};
		1F5893A61F614F0A00FD2C5D /* SWReveal */ = {
			isa = PBXGroup;
			children = (
				1F5893A21F614EF600FD2C5D /* SWRevealViewController.h */,
				1F5893A31F614EF600FD2C5D /* SWRevealViewController.m */,
				1F5893A11F614EF500FD2C5D /* Kaindy-Kant-Bridging-Header.h */,
			);
			name = SWReveal;
			sourceTree = "<group>";
		};
		1F5893A71F6150E600FD2C5D /* MenuPage */ = {
			isa = PBXGroup;
			children = (
				1F5893A81F61510D00FD2C5D /* MenuViewController.swift */,
			);
			name = MenuPage;
			sourceTree = "<group>";
		};
		1F5893B11F61544D00FD2C5D /* Services */ = {
			isa = PBXGroup;
			children = (
				1F5893B21F61546400FD2C5D /* Service.storyboard */,
				1F5893B41F61547000FD2C5D /* ServiceViewController.swift */,
				1F5893C51F615C1800FD2C5D /* ServiceCollectionViewCell.swift */,
			);
			name = Services;
			sourceTree = "<group>";
		};
		1F5893B61F61560800FD2C5D /* Providers */ = {
			isa = PBXGroup;
			children = (
				1F5893B71F61561D00FD2C5D /* Provider.storyboard */,
				1F5893B91F61562B00FD2C5D /* ProviderViewController.swift */,
				1F5893C91F6167F700FD2C5D /* ProviderTableViewCell.swift */,
			);
			name = Providers;
			sourceTree = "<group>";
		};
		1F5893BB1F6156C800FD2C5D /* Requests */ = {
			isa = PBXGroup;
			children = (
				1F5893BE1F6156EB00FD2C5D /* Request.storyboard */,
				1F5893BC1F6156DF00FD2C5D /* RequestViewController.swift */,
				1F5893C71F615D8700FD2C5D /* RequestCollectionViewCell.swift */,
			);
			name = Requests;
			sourceTree = "<group>";
		};
		1F5893C01F61582400FD2C5D /* Login */ = {
			isa = PBXGroup;
			children = (
				1F5893C11F61583200FD2C5D /* Login.storyboard */,
				1F5893C31F61583E00FD2C5D /* LoginViewController.swift */,
			);
			name = Login;
			sourceTree = "<group>";
		};
		1F7291311F66636300111692 /* TechnologyInfo */ = {
			isa = PBXGroup;
			children = (
				1F7291321F66638700111692 /* TechnologyInfo.storyboard */,
				1F7291341F66639F00111692 /* TechnologyInfoViewController.swift */,
				1F0DF1B11F6BCEE300DE54F2 /* DocumentViewController.swift */,
			);
			name = TechnologyInfo;
			sourceTree = "<group>";
		};
		23205AE61F62375D00D58F5B /* Profile */ = {
			isa = PBXGroup;
			children = (
				23205AEF1F62391800D58F5B /* Profile.storyboard */,
				23205AF31F6239B900D58F5B /* ProfileViewController.swift */,
			);
			name = Profile;
			sourceTree = "<group>";
		};
		23205AF51F62407300D58F5B /* MainPageTableViewCell */ = {
			isa = PBXGroup;
			children = (
				23205AF61F62409F00D58F5B /* NewsTableViewCell.swift */,
				23205AF81F6240C200D58F5B /* FirstSectionTableViewCell.swift */,
			);
			name = MainPageTableViewCell;
			sourceTree = "<group>";
		};
		2380ABA01F667BE20023C5AB /* Registration */ = {
			isa = PBXGroup;
			children = (
				2380ABA11F667C0E0023C5AB /* Registration.storyboard */,
				2380AB9E1F6678E10023C5AB /* RegistrationViewController.swift */,
			);
			name = Registration;
			sourceTree = "<group>";
		};
		3795890B1F6AB0F4A1DCF3F7 /* Frameworks */ = {
			isa = PBXGroup;
			children = (
				9F3784CF1CA75796598245CC /* Pods_Kaindy_Kant.framework */,
				AB2392771FC0F0A3C7760DD6 /* Pods_Kaindy_KantTests.framework */,
				82CD8A4220560F7CCB81A6AC /* Pods_Kaindy_KantUITests.framework */,
			);
			name = Frameworks;
			sourceTree = "<group>";
		};
/* End PBXGroup section */

/* Begin PBXNativeTarget section */
		1F58936C1F614DB600FD2C5D /* Kaindy-Kant */ = {
			isa = PBXNativeTarget;
			buildConfigurationList = 1F5893951F614DB600FD2C5D /* Build configuration list for PBXNativeTarget "Kaindy-Kant" */;
			buildPhases = (
				F819FD5F6AD8422236B3CD8A /* [CP] Check Pods Manifest.lock */,
				1F5893691F614DB600FD2C5D /* Sources */,
				1F58936A1F614DB600FD2C5D /* Frameworks */,
				1F58936B1F614DB600FD2C5D /* Resources */,
				515171D051A51FF8C3101A28 /* [CP] Embed Pods Frameworks */,
				0642CE4BCFA65C4CDF11281E /* [CP] Copy Pods Resources */,
			);
			buildRules = (
			);
			dependencies = (
			);
			name = "Kaindy-Kant";
			productName = "Kaindy-Kant";
			productReference = 1F58936D1F614DB600FD2C5D /* Kaindy-Kant.app */;
			productType = "com.apple.product-type.application";
		};
		1F5893801F614DB600FD2C5D /* Kaindy-KantTests */ = {
			isa = PBXNativeTarget;
			buildConfigurationList = 1F5893981F614DB600FD2C5D /* Build configuration list for PBXNativeTarget "Kaindy-KantTests" */;
			buildPhases = (
				9A3398B239746549F3E28213 /* [CP] Check Pods Manifest.lock */,
				1F58937D1F614DB600FD2C5D /* Sources */,
				1F58937E1F614DB600FD2C5D /* Frameworks */,
				1F58937F1F614DB600FD2C5D /* Resources */,
				9805D3F84B4CF843C02622FB /* [CP] Embed Pods Frameworks */,
				97783AF95AFB69453ABB0301 /* [CP] Copy Pods Resources */,
			);
			buildRules = (
			);
			dependencies = (
				1F5893831F614DB600FD2C5D /* PBXTargetDependency */,
			);
			name = "Kaindy-KantTests";
			productName = "Kaindy-KantTests";
			productReference = 1F5893811F614DB600FD2C5D /* Kaindy-KantTests.xctest */;
			productType = "com.apple.product-type.bundle.unit-test";
		};
		1F58938B1F614DB600FD2C5D /* Kaindy-KantUITests */ = {
			isa = PBXNativeTarget;
			buildConfigurationList = 1F58939B1F614DB600FD2C5D /* Build configuration list for PBXNativeTarget "Kaindy-KantUITests" */;
			buildPhases = (
				2671A0331D67D09F8EBA1492 /* [CP] Check Pods Manifest.lock */,
				1F5893881F614DB600FD2C5D /* Sources */,
				1F5893891F614DB600FD2C5D /* Frameworks */,
				1F58938A1F614DB600FD2C5D /* Resources */,
				E3A076D0C9EB9D49B5D6F60A /* [CP] Embed Pods Frameworks */,
				AEBD3AF3E07C6CBF916BE331 /* [CP] Copy Pods Resources */,
			);
			buildRules = (
			);
			dependencies = (
				1F58938E1F614DB600FD2C5D /* PBXTargetDependency */,
			);
			name = "Kaindy-KantUITests";
			productName = "Kaindy-KantUITests";
			productReference = 1F58938C1F614DB600FD2C5D /* Kaindy-KantUITests.xctest */;
			productType = "com.apple.product-type.bundle.ui-testing";
		};
/* End PBXNativeTarget section */

/* Begin PBXProject section */
		1F5893651F614DB600FD2C5D /* Project object */ = {
			isa = PBXProject;
			attributes = {
				LastSwiftUpdateCheck = 0830;
				LastUpgradeCheck = 0830;
				ORGANIZATIONNAME = NeoBis;
				TargetAttributes = {
					1F58936C1F614DB600FD2C5D = {
						CreatedOnToolsVersion = 8.3.3;
						DevelopmentTeam = 4459UQ4UL2;
						LastSwiftMigration = 0830;
						ProvisioningStyle = Automatic;
					};
					1F5893801F614DB600FD2C5D = {
						CreatedOnToolsVersion = 8.3.3;
						ProvisioningStyle = Automatic;
						TestTargetID = 1F58936C1F614DB600FD2C5D;
					};
					1F58938B1F614DB600FD2C5D = {
						CreatedOnToolsVersion = 8.3.3;
						ProvisioningStyle = Automatic;
						TestTargetID = 1F58936C1F614DB600FD2C5D;
					};
				};
			};
			buildConfigurationList = 1F5893681F614DB600FD2C5D /* Build configuration list for PBXProject "Kaindy-Kant" */;
			compatibilityVersion = "Xcode 3.2";
			developmentRegion = English;
			hasScannedForEncodings = 0;
			knownRegions = (
				en,
				Base,
			);
			mainGroup = 1F5893641F614DB600FD2C5D;
			productRefGroup = 1F58936E1F614DB600FD2C5D /* Products */;
			projectDirPath = "";
			projectRoot = "";
			targets = (
				1F58936C1F614DB600FD2C5D /* Kaindy-Kant */,
				1F5893801F614DB600FD2C5D /* Kaindy-KantTests */,
				1F58938B1F614DB600FD2C5D /* Kaindy-KantUITests */,
			);
		};
/* End PBXProject section */

/* Begin PBXResourcesBuildPhase section */
		1F58936B1F614DB600FD2C5D /* Resources */ = {
			isa = PBXResourcesBuildPhase;
			buildActionMask = 2147483647;
			files = (
				1F0DF1AC1F6BCDDC00DE54F2 /* Приложение 4_Модуль_Сахарная свекла_2016.pdf in Resources */,
				1F5893C21F61583200FD2C5D /* Login.storyboard in Resources */,
				1F0DF1AD1F6BCDDC00DE54F2 /* Приложение 5_Кант кызылчасын өстүрүү технологиясы боюнча кыскача таркатма.pdf in Resources */,
				2380ABA21F667C0E0023C5AB /* Registration.storyboard in Resources */,
				1F58937B1F614DB600FD2C5D /* LaunchScreen.storyboard in Resources */,
				23205AF01F62391800D58F5B /* Profile.storyboard in Resources */,
				1F0DF1AE1F6BCDDC00DE54F2 /* Приложение 6_Тех карта_ сахарная свекла_образец и пустая_2016 - Тех карта_образец_Миргасым.pdf in Resources */,
				1F0DF1B01F6BCDDC00DE54F2 /* Sugar Beet VAC_Development Concept-2_MD.pdf in Resources */,
				1F7291331F66638700111692 /* TechnologyInfo.storyboard in Resources */,
				1F5893BF1F6156EB00FD2C5D /* Request.storyboard in Resources */,
				1F0DF1AF1F6BCDDC00DE54F2 /* Приложение 7_Сравнительный анализ культур_свекла_картофель_кукуруза.pdf in Resources */,
				1F5893B31F61546400FD2C5D /* Service.storyboard in Resources */,
				1F5893781F614DB600FD2C5D /* Assets.xcassets in Resources */,
				1F5893761F614DB600FD2C5D /* Main.storyboard in Resources */,
				1F5893B81F61561D00FD2C5D /* Provider.storyboard in Resources */,
			);
			runOnlyForDeploymentPostprocessing = 0;
		};
		1F58937F1F614DB600FD2C5D /* Resources */ = {
			isa = PBXResourcesBuildPhase;
			buildActionMask = 2147483647;
			files = (
			);
			runOnlyForDeploymentPostprocessing = 0;
		};
		1F58938A1F614DB600FD2C5D /* Resources */ = {
			isa = PBXResourcesBuildPhase;
			buildActionMask = 2147483647;
			files = (
			);
			runOnlyForDeploymentPostprocessing = 0;
		};
/* End PBXResourcesBuildPhase section */

/* Begin PBXShellScriptBuildPhase section */
		0642CE4BCFA65C4CDF11281E /* [CP] Copy Pods Resources */ = {
			isa = PBXShellScriptBuildPhase;
			buildActionMask = 2147483647;
			files = (
			);
			inputPaths = (
			);
			name = "[CP] Copy Pods Resources";
			outputPaths = (
			);
			runOnlyForDeploymentPostprocessing = 0;
			shellPath = /bin/sh;
			shellScript = "\"${SRCROOT}/Pods/Target Support Files/Pods-Kaindy-Kant/Pods-Kaindy-Kant-resources.sh\"\n";
			showEnvVarsInLog = 0;
		};
		2671A0331D67D09F8EBA1492 /* [CP] Check Pods Manifest.lock */ = {
			isa = PBXShellScriptBuildPhase;
			buildActionMask = 2147483647;
			files = (
			);
			inputPaths = (
			);
			name = "[CP] Check Pods Manifest.lock";
			outputPaths = (
			);
			runOnlyForDeploymentPostprocessing = 0;
			shellPath = /bin/sh;
			shellScript = "diff \"${PODS_ROOT}/../Podfile.lock\" \"${PODS_ROOT}/Manifest.lock\" > /dev/null\nif [ $? != 0 ] ; then\n    # print error to STDERR\n    echo \"error: The sandbox is not in sync with the Podfile.lock. Run 'pod install' or update your CocoaPods installation.\" >&2\n    exit 1\nfi\n";
			showEnvVarsInLog = 0;
		};
		515171D051A51FF8C3101A28 /* [CP] Embed Pods Frameworks */ = {
			isa = PBXShellScriptBuildPhase;
			buildActionMask = 2147483647;
			files = (
			);
			inputPaths = (
			);
			name = "[CP] Embed Pods Frameworks";
			outputPaths = (
			);
			runOnlyForDeploymentPostprocessing = 0;
			shellPath = /bin/sh;
			shellScript = "\"${SRCROOT}/Pods/Target Support Files/Pods-Kaindy-Kant/Pods-Kaindy-Kant-frameworks.sh\"\n";
			showEnvVarsInLog = 0;
		};
		97783AF95AFB69453ABB0301 /* [CP] Copy Pods Resources */ = {
			isa = PBXShellScriptBuildPhase;
			buildActionMask = 2147483647;
			files = (
			);
			inputPaths = (
			);
			name = "[CP] Copy Pods Resources";
			outputPaths = (
			);
			runOnlyForDeploymentPostprocessing = 0;
			shellPath = /bin/sh;
			shellScript = "\"${SRCROOT}/Pods/Target Support Files/Pods-Kaindy-KantTests/Pods-Kaindy-KantTests-resources.sh\"\n";
			showEnvVarsInLog = 0;
		};
		9805D3F84B4CF843C02622FB /* [CP] Embed Pods Frameworks */ = {
			isa = PBXShellScriptBuildPhase;
			buildActionMask = 2147483647;
			files = (
			);
			inputPaths = (
			);
			name = "[CP] Embed Pods Frameworks";
			outputPaths = (
			);
			runOnlyForDeploymentPostprocessing = 0;
			shellPath = /bin/sh;
			shellScript = "\"${SRCROOT}/Pods/Target Support Files/Pods-Kaindy-KantTests/Pods-Kaindy-KantTests-frameworks.sh\"\n";
			showEnvVarsInLog = 0;
		};
		9A3398B239746549F3E28213 /* [CP] Check Pods Manifest.lock */ = {
			isa = PBXShellScriptBuildPhase;
			buildActionMask = 2147483647;
			files = (
			);
			inputPaths = (
			);
			name = "[CP] Check Pods Manifest.lock";
			outputPaths = (
			);
			runOnlyForDeploymentPostprocessing = 0;
			shellPath = /bin/sh;
			shellScript = "diff \"${PODS_ROOT}/../Podfile.lock\" \"${PODS_ROOT}/Manifest.lock\" > /dev/null\nif [ $? != 0 ] ; then\n    # print error to STDERR\n    echo \"error: The sandbox is not in sync with the Podfile.lock. Run 'pod install' or update your CocoaPods installation.\" >&2\n    exit 1\nfi\n";
			showEnvVarsInLog = 0;
		};
		AEBD3AF3E07C6CBF916BE331 /* [CP] Copy Pods Resources */ = {
			isa = PBXShellScriptBuildPhase;
			buildActionMask = 2147483647;
			files = (
			);
			inputPaths = (
			);
			name = "[CP] Copy Pods Resources";
			outputPaths = (
			);
			runOnlyForDeploymentPostprocessing = 0;
			shellPath = /bin/sh;
			shellScript = "\"${SRCROOT}/Pods/Target Support Files/Pods-Kaindy-KantUITests/Pods-Kaindy-KantUITests-resources.sh\"\n";
			showEnvVarsInLog = 0;
		};
		E3A076D0C9EB9D49B5D6F60A /* [CP] Embed Pods Frameworks */ = {
			isa = PBXShellScriptBuildPhase;
			buildActionMask = 2147483647;
			files = (
			);
			inputPaths = (
			);
			name = "[CP] Embed Pods Frameworks";
			outputPaths = (
			);
			runOnlyForDeploymentPostprocessing = 0;
			shellPath = /bin/sh;
			shellScript = "\"${SRCROOT}/Pods/Target Support Files/Pods-Kaindy-KantUITests/Pods-Kaindy-KantUITests-frameworks.sh\"\n";
			showEnvVarsInLog = 0;
		};
		F819FD5F6AD8422236B3CD8A /* [CP] Check Pods Manifest.lock */ = {
			isa = PBXShellScriptBuildPhase;
			buildActionMask = 2147483647;
			files = (
			);
			inputPaths = (
			);
			name = "[CP] Check Pods Manifest.lock";
			outputPaths = (
			);
			runOnlyForDeploymentPostprocessing = 0;
			shellPath = /bin/sh;
			shellScript = "diff \"${PODS_ROOT}/../Podfile.lock\" \"${PODS_ROOT}/Manifest.lock\" > /dev/null\nif [ $? != 0 ] ; then\n    # print error to STDERR\n    echo \"error: The sandbox is not in sync with the Podfile.lock. Run 'pod install' or update your CocoaPods installation.\" >&2\n    exit 1\nfi\n";
			showEnvVarsInLog = 0;
		};
/* End PBXShellScriptBuildPhase section */

/* Begin PBXSourcesBuildPhase section */
		1F5893691F614DB600FD2C5D /* Sources */ = {
			isa = PBXSourcesBuildPhase;
			buildActionMask = 2147483647;
			files = (
				1F5893C81F615D8700FD2C5D /* RequestCollectionViewCell.swift in Sources */,
				1F5893C61F615C1800FD2C5D /* ServiceCollectionViewCell.swift in Sources */,
				2380AB9F1F6678E10023C5AB /* RegistrationViewController.swift in Sources */,
				23205AEA1F6237A700D58F5B /* GlobalFunctions.swift in Sources */,
				1F5893BA1F61562B00FD2C5D /* ProviderViewController.swift in Sources */,
				23205AF91F6240C200D58F5B /* FirstSectionTableViewCell.swift in Sources */,
				1F5893AB1F61523700FD2C5D /* Extensions.swift in Sources */,
				1F5893CA1F6167F700FD2C5D /* ProviderTableViewCell.swift in Sources */,
				23205AF41F6239B900D58F5B /* ProfileViewController.swift in Sources */,
				1F5893A01F614ED700FD2C5D /* MainViewController.swift in Sources */,
				1F5893711F614DB600FD2C5D /* AppDelegate.swift in Sources */,
				1F5893BD1F6156DF00FD2C5D /* RequestViewController.swift in Sources */,
				23205AE81F62378100D58F5B /* Colors.swift in Sources */,
				1F5893B51F61547000FD2C5D /* ServiceViewController.swift in Sources */,
				1F5893A41F614EF600FD2C5D /* SWRevealViewController.m in Sources */,
				1F5893C41F61583E00FD2C5D /* LoginViewController.swift in Sources */,
				23205AF71F62409F00D58F5B /* NewsTableViewCell.swift in Sources */,
				23205AF21F62398400D58F5B /* LoadingIndicatorButton.swift in Sources */,
				1F0DF1B21F6BCEE300DE54F2 /* DocumentViewController.swift in Sources */,
				1F5893A91F61510D00FD2C5D /* MenuViewController.swift in Sources */,
				1F7291351F66639F00111692 /* TechnologyInfoViewController.swift in Sources */,
			);
			runOnlyForDeploymentPostprocessing = 0;
		};
		1F58937D1F614DB600FD2C5D /* Sources */ = {
			isa = PBXSourcesBuildPhase;
			buildActionMask = 2147483647;
			files = (
				1F5893861F614DB600FD2C5D /* Kaindy_KantTests.swift in Sources */,
			);
			runOnlyForDeploymentPostprocessing = 0;
		};
		1F5893881F614DB600FD2C5D /* Sources */ = {
			isa = PBXSourcesBuildPhase;
			buildActionMask = 2147483647;
			files = (
				1F5893911F614DB600FD2C5D /* Kaindy_KantUITests.swift in Sources */,
			);
			runOnlyForDeploymentPostprocessing = 0;
		};
/* End PBXSourcesBuildPhase section */

/* Begin PBXTargetDependency section */
		1F5893831F614DB600FD2C5D /* PBXTargetDependency */ = {
			isa = PBXTargetDependency;
			target = 1F58936C1F614DB600FD2C5D /* Kaindy-Kant */;
			targetProxy = 1F5893821F614DB600FD2C5D /* PBXContainerItemProxy */;
		};
		1F58938E1F614DB600FD2C5D /* PBXTargetDependency */ = {
			isa = PBXTargetDependency;
			target = 1F58936C1F614DB600FD2C5D /* Kaindy-Kant */;
			targetProxy = 1F58938D1F614DB600FD2C5D /* PBXContainerItemProxy */;
		};
/* End PBXTargetDependency section */

/* Begin PBXVariantGroup section */
		1F5893741F614DB600FD2C5D /* Main.storyboard */ = {
			isa = PBXVariantGroup;
			children = (
				1F5893751F614DB600FD2C5D /* Base */,
			);
			name = Main.storyboard;
			sourceTree = "<group>";
		};
		1F5893791F614DB600FD2C5D /* LaunchScreen.storyboard */ = {
			isa = PBXVariantGroup;
			children = (
				1F58937A1F614DB600FD2C5D /* Base */,
			);
			name = LaunchScreen.storyboard;
			sourceTree = "<group>";
		};
/* End PBXVariantGroup section */

/* Begin XCBuildConfiguration section */
		1F5893931F614DB600FD2C5D /* Debug */ = {
			isa = XCBuildConfiguration;
			buildSettings = {
				ALWAYS_SEARCH_USER_PATHS = NO;
				CLANG_ANALYZER_NONNULL = YES;
				CLANG_ANALYZER_NUMBER_OBJECT_CONVERSION = YES_AGGRESSIVE;
				CLANG_CXX_LANGUAGE_STANDARD = "gnu++0x";
				CLANG_CXX_LIBRARY = "libc++";
				CLANG_ENABLE_MODULES = YES;
				CLANG_ENABLE_OBJC_ARC = YES;
				CLANG_WARN_BOOL_CONVERSION = YES;
				CLANG_WARN_CONSTANT_CONVERSION = YES;
				CLANG_WARN_DIRECT_OBJC_ISA_USAGE = YES_ERROR;
				CLANG_WARN_DOCUMENTATION_COMMENTS = YES;
				CLANG_WARN_EMPTY_BODY = YES;
				CLANG_WARN_ENUM_CONVERSION = YES;
				CLANG_WARN_INFINITE_RECURSION = YES;
				CLANG_WARN_INT_CONVERSION = YES;
				CLANG_WARN_OBJC_ROOT_CLASS = YES_ERROR;
				CLANG_WARN_SUSPICIOUS_MOVE = YES;
				CLANG_WARN_UNREACHABLE_CODE = YES;
				CLANG_WARN__DUPLICATE_METHOD_MATCH = YES;
				"CODE_SIGN_IDENTITY[sdk=iphoneos*]" = "iPhone Developer";
				COPY_PHASE_STRIP = NO;
				DEBUG_INFORMATION_FORMAT = dwarf;
				ENABLE_STRICT_OBJC_MSGSEND = YES;
				ENABLE_TESTABILITY = YES;
				GCC_C_LANGUAGE_STANDARD = gnu99;
				GCC_DYNAMIC_NO_PIC = NO;
				GCC_NO_COMMON_BLOCKS = YES;
				GCC_OPTIMIZATION_LEVEL = 0;
				GCC_PREPROCESSOR_DEFINITIONS = (
					"DEBUG=1",
					"$(inherited)",
				);
				GCC_WARN_64_TO_32_BIT_CONVERSION = YES;
				GCC_WARN_ABOUT_RETURN_TYPE = YES_ERROR;
				GCC_WARN_UNDECLARED_SELECTOR = YES;
				GCC_WARN_UNINITIALIZED_AUTOS = YES_AGGRESSIVE;
				GCC_WARN_UNUSED_FUNCTION = YES;
				GCC_WARN_UNUSED_VARIABLE = YES;
				IPHONEOS_DEPLOYMENT_TARGET = 10.3;
				MTL_ENABLE_DEBUG_INFO = YES;
				ONLY_ACTIVE_ARCH = YES;
				SDKROOT = iphoneos;
				SWIFT_ACTIVE_COMPILATION_CONDITIONS = DEBUG;
				SWIFT_OPTIMIZATION_LEVEL = "-Onone";
				TARGETED_DEVICE_FAMILY = "1,2";
			};
			name = Debug;
		};
		1F5893941F614DB600FD2C5D /* Release */ = {
			isa = XCBuildConfiguration;
			buildSettings = {
				ALWAYS_SEARCH_USER_PATHS = NO;
				CLANG_ANALYZER_NONNULL = YES;
				CLANG_ANALYZER_NUMBER_OBJECT_CONVERSION = YES_AGGRESSIVE;
				CLANG_CXX_LANGUAGE_STANDARD = "gnu++0x";
				CLANG_CXX_LIBRARY = "libc++";
				CLANG_ENABLE_MODULES = YES;
				CLANG_ENABLE_OBJC_ARC = YES;
				CLANG_WARN_BOOL_CONVERSION = YES;
				CLANG_WARN_CONSTANT_CONVERSION = YES;
				CLANG_WARN_DIRECT_OBJC_ISA_USAGE = YES_ERROR;
				CLANG_WARN_DOCUMENTATION_COMMENTS = YES;
				CLANG_WARN_EMPTY_BODY = YES;
				CLANG_WARN_ENUM_CONVERSION = YES;
				CLANG_WARN_INFINITE_RECURSION = YES;
				CLANG_WARN_INT_CONVERSION = YES;
				CLANG_WARN_OBJC_ROOT_CLASS = YES_ERROR;
				CLANG_WARN_SUSPICIOUS_MOVE = YES;
				CLANG_WARN_UNREACHABLE_CODE = YES;
				CLANG_WARN__DUPLICATE_METHOD_MATCH = YES;
				"CODE_SIGN_IDENTITY[sdk=iphoneos*]" = "iPhone Developer";
				COPY_PHASE_STRIP = NO;
				DEBUG_INFORMATION_FORMAT = "dwarf-with-dsym";
				ENABLE_NS_ASSERTIONS = NO;
				ENABLE_STRICT_OBJC_MSGSEND = YES;
				GCC_C_LANGUAGE_STANDARD = gnu99;
				GCC_NO_COMMON_BLOCKS = YES;
				GCC_WARN_64_TO_32_BIT_CONVERSION = YES;
				GCC_WARN_ABOUT_RETURN_TYPE = YES_ERROR;
				GCC_WARN_UNDECLARED_SELECTOR = YES;
				GCC_WARN_UNINITIALIZED_AUTOS = YES_AGGRESSIVE;
				GCC_WARN_UNUSED_FUNCTION = YES;
				GCC_WARN_UNUSED_VARIABLE = YES;
				IPHONEOS_DEPLOYMENT_TARGET = 10.3;
				MTL_ENABLE_DEBUG_INFO = NO;
				SDKROOT = iphoneos;
				SWIFT_OPTIMIZATION_LEVEL = "-Owholemodule";
				TARGETED_DEVICE_FAMILY = "1,2";
				VALIDATE_PRODUCT = YES;
			};
			name = Release;
		};
		1F5893961F614DB600FD2C5D /* Debug */ = {
			isa = XCBuildConfiguration;
			baseConfigurationReference = 519B48CAD2C406E2D6F875E7 /* Pods-Kaindy-Kant.debug.xcconfig */;
			buildSettings = {
				ASSETCATALOG_COMPILER_APPICON_NAME = AppIcon;
				CLANG_ENABLE_MODULES = YES;
				DEVELOPMENT_TEAM = 4459UQ4UL2;
				INFOPLIST_FILE = "Kaindy-Kant/Info.plist";
				LD_RUNPATH_SEARCH_PATHS = "$(inherited) @executable_path/Frameworks";
				PRODUCT_BUNDLE_IDENTIFIER = "com.NeoBis.Kaindy-Kant";
				PRODUCT_NAME = "$(TARGET_NAME)";
				SWIFT_OBJC_BRIDGING_HEADER = "Kaindy-Kant/Kaindy-Kant-Bridging-Header.h";
				SWIFT_OPTIMIZATION_LEVEL = "-Onone";
				SWIFT_VERSION = 3.0;
			};
			name = Debug;
		};
		1F5893971F614DB600FD2C5D /* Release */ = {
			isa = XCBuildConfiguration;
			baseConfigurationReference = 3CE491DD05550BA76CEBE29F /* Pods-Kaindy-Kant.release.xcconfig */;
			buildSettings = {
				ASSETCATALOG_COMPILER_APPICON_NAME = AppIcon;
				CLANG_ENABLE_MODULES = YES;
				DEVELOPMENT_TEAM = 4459UQ4UL2;
				INFOPLIST_FILE = "Kaindy-Kant/Info.plist";
				LD_RUNPATH_SEARCH_PATHS = "$(inherited) @executable_path/Frameworks";
				PRODUCT_BUNDLE_IDENTIFIER = "com.NeoBis.Kaindy-Kant";
				PRODUCT_NAME = "$(TARGET_NAME)";
				SWIFT_OBJC_BRIDGING_HEADER = "Kaindy-Kant/Kaindy-Kant-Bridging-Header.h";
				SWIFT_VERSION = 3.0;
			};
			name = Release;
		};
		1F5893991F614DB600FD2C5D /* Debug */ = {
			isa = XCBuildConfiguration;
			baseConfigurationReference = 4CB32D25E92A4582285E9236 /* Pods-Kaindy-KantTests.debug.xcconfig */;
			buildSettings = {
				ALWAYS_EMBED_SWIFT_STANDARD_LIBRARIES = YES;
				BUNDLE_LOADER = "$(TEST_HOST)";
				INFOPLIST_FILE = "Kaindy-KantTests/Info.plist";
				LD_RUNPATH_SEARCH_PATHS = "$(inherited) @executable_path/Frameworks @loader_path/Frameworks";
				PRODUCT_BUNDLE_IDENTIFIER = "com.NeoBis.Kaindy-KantTests";
				PRODUCT_NAME = "$(TARGET_NAME)";
				SWIFT_VERSION = 3.0;
				TEST_HOST = "$(BUILT_PRODUCTS_DIR)/Kaindy-Kant.app/Kaindy-Kant";
			};
			name = Debug;
		};
		1F58939A1F614DB600FD2C5D /* Release */ = {
			isa = XCBuildConfiguration;
			baseConfigurationReference = 34E18E9CDE7FCD24268E1471 /* Pods-Kaindy-KantTests.release.xcconfig */;
			buildSettings = {
				ALWAYS_EMBED_SWIFT_STANDARD_LIBRARIES = YES;
				BUNDLE_LOADER = "$(TEST_HOST)";
				INFOPLIST_FILE = "Kaindy-KantTests/Info.plist";
				LD_RUNPATH_SEARCH_PATHS = "$(inherited) @executable_path/Frameworks @loader_path/Frameworks";
				PRODUCT_BUNDLE_IDENTIFIER = "com.NeoBis.Kaindy-KantTests";
				PRODUCT_NAME = "$(TARGET_NAME)";
				SWIFT_VERSION = 3.0;
				TEST_HOST = "$(BUILT_PRODUCTS_DIR)/Kaindy-Kant.app/Kaindy-Kant";
			};
			name = Release;
		};
		1F58939C1F614DB600FD2C5D /* Debug */ = {
			isa = XCBuildConfiguration;
			baseConfigurationReference = 4E81C9294F924370F4DFF66F /* Pods-Kaindy-KantUITests.debug.xcconfig */;
			buildSettings = {
				ALWAYS_EMBED_SWIFT_STANDARD_LIBRARIES = YES;
				INFOPLIST_FILE = "Kaindy-KantUITests/Info.plist";
				LD_RUNPATH_SEARCH_PATHS = "$(inherited) @executable_path/Frameworks @loader_path/Frameworks";
				PRODUCT_BUNDLE_IDENTIFIER = "com.NeoBis.Kaindy-KantUITests";
				PRODUCT_NAME = "$(TARGET_NAME)";
				SWIFT_VERSION = 3.0;
				TEST_TARGET_NAME = "Kaindy-Kant";
			};
			name = Debug;
		};
		1F58939D1F614DB600FD2C5D /* Release */ = {
			isa = XCBuildConfiguration;
			baseConfigurationReference = BA36D511538BBE890729F7FB /* Pods-Kaindy-KantUITests.release.xcconfig */;
			buildSettings = {
				ALWAYS_EMBED_SWIFT_STANDARD_LIBRARIES = YES;
				INFOPLIST_FILE = "Kaindy-KantUITests/Info.plist";
				LD_RUNPATH_SEARCH_PATHS = "$(inherited) @executable_path/Frameworks @loader_path/Frameworks";
				PRODUCT_BUNDLE_IDENTIFIER = "com.NeoBis.Kaindy-KantUITests";
				PRODUCT_NAME = "$(TARGET_NAME)";
				SWIFT_VERSION = 3.0;
				TEST_TARGET_NAME = "Kaindy-Kant";
			};
			name = Release;
		};
/* End XCBuildConfiguration section */

/* Begin XCConfigurationList section */
		1F5893681F614DB600FD2C5D /* Build configuration list for PBXProject "Kaindy-Kant" */ = {
			isa = XCConfigurationList;
			buildConfigurations = (
				1F5893931F614DB600FD2C5D /* Debug */,
				1F5893941F614DB600FD2C5D /* Release */,
			);
			defaultConfigurationIsVisible = 0;
			defaultConfigurationName = Release;
		};
		1F5893951F614DB600FD2C5D /* Build configuration list for PBXNativeTarget "Kaindy-Kant" */ = {
			isa = XCConfigurationList;
			buildConfigurations = (
				1F5893961F614DB600FD2C5D /* Debug */,
				1F5893971F614DB600FD2C5D /* Release */,
			);
			defaultConfigurationIsVisible = 0;
			defaultConfigurationName = Release;
		};
		1F5893981F614DB600FD2C5D /* Build configuration list for PBXNativeTarget "Kaindy-KantTests" */ = {
			isa = XCConfigurationList;
			buildConfigurations = (
				1F5893991F614DB600FD2C5D /* Debug */,
				1F58939A1F614DB600FD2C5D /* Release */,
			);
			defaultConfigurationIsVisible = 0;
			defaultConfigurationName = Release;
		};
		1F58939B1F614DB600FD2C5D /* Build configuration list for PBXNativeTarget "Kaindy-KantUITests" */ = {
			isa = XCConfigurationList;
			buildConfigurations = (
				1F58939C1F614DB600FD2C5D /* Debug */,
				1F58939D1F614DB600FD2C5D /* Release */,
			);
			defaultConfigurationIsVisible = 0;
			defaultConfigurationName = Release;
		};
/* End XCConfigurationList section */
	};
	rootObject = 1F5893651F614DB600FD2C5D /* Project object */;
}
